
Microsoft Visual Studio Solution File, Format Version 12.00
# Visual Studio Version 17
VisualStudioVersion = 17.1.32414.318
MinimumVisualStudioVersion = 10.0.40219.1
Project("{FAE04EC0-301F-11D3-BF4B-00C04F79EFBC}") = "TexodeTask", "TexodeTask\TexodeTask.csproj", "{39AAF03A-B4C2-4663-9D4D-F28AA364BE78}"
EndProject
Project("{9A19103F-16F7-4668-BE54-9A1E7A4F7556}") = "TexodeTask.Service", "TexodeTask.Service\TexodeTask.Service.csproj", "{48CE783D-EB43-41C8-A22F-8F2038AFB3EA}"
EndProject
Project("{FAE04EC0-301F-11D3-BF4B-00C04F79EFBC}") = "TexodeTask.Service.Logic", "Texode.Service.Logic\TexodeTask.Service.Logic.csproj", "{16F78E7D-501B-472A-8BA7-40DC2F6F0305}"
EndProject
Project("{FAE04EC0-301F-11D3-BF4B-00C04F79EFBC}") = "TexodeTask.Access", "TexodeTask.Access\TexodeTask.Access.csproj", "{9030FE59-7677-4DE5-A979-169EBADA9346}"
EndProject
Project("{FAE04EC0-301F-11D3-BF4B-00C04F79EFBC}") = "TexodeTask.Access.SqlServer", "TexodeTask.Access.SqlServer\TexodeTask.Access.SqlServer.csproj", "{4E26CAF5-311C-43DB-87AD-E69C4F7840A1}"
EndProject
Global
	GlobalSection(SolutionConfigurationPlatforms) = preSolution
		Debug|Any CPU = Debug|Any CPU
		Release|Any CPU = Release|Any CPU
	EndGlobalSection
	GlobalSection(ProjectConfigurationPlatforms) = postSolution
		{39AAF03A-B4C2-4663-9D4D-F28AA364BE78}.Debug|Any CPU.ActiveCfg = Debug|Any CPU
		{39AAF03A-B4C2-4663-9D4D-F28AA364BE78}.Debug|Any CPU.Build.0 = Debug|Any CPU
		{39AAF03A-B4C2-4663-9D4D-F28AA364BE78}.Release|Any CPU.ActiveCfg = Release|Any CPU
		{39AAF03A-B4C2-4663-9D4D-F28AA364BE78}.Release|Any CPU.Build.0 = Release|Any CPU
		{48CE783D-EB43-41C8-A22F-8F2038AFB3EA}.Debug|Any CPU.ActiveCfg = Debug|Any CPU
		{48CE783D-EB43-41C8-A22F-8F2038AFB3EA}.Debug|Any CPU.Build.0 = Debug|Any CPU
		{48CE783D-EB43-41C8-A22F-8F2038AFB3EA}.Release|Any CPU.ActiveCfg = Release|Any CPU
		{48CE783D-EB43-41C8-A22F-8F2038AFB3EA}.Release|Any CPU.Build.0 = Release|Any CPU
		{16F78E7D-501B-472A-8BA7-40DC2F6F0305}.Debug|Any CPU.ActiveCfg = Debug|Any CPU
		{16F78E7D-501B-472A-8BA7-40DC2F6F0305}.Debug|Any CPU.Build.0 = Debug|Any CPU
		{16F78E7D-501B-472A-8BA7-40DC2F6F0305}.Release|Any CPU.ActiveCfg = Release|Any CPU
		{16F78E7D-501B-472A-8BA7-40DC2F6F0305}.Release|Any CPU.Build.0 = Release|Any CPU
		{9030FE59-7677-4DE5-A979-169EBADA9346}.Debug|Any CPU.ActiveCfg = Debug|Any CPU
		{9030FE59-7677-4DE5-A979-169EBADA9346}.Debug|Any CPU.Build.0 = Debug|Any CPU
		{9030FE59-7677-4DE5-A979-169EBADA9346}.Release|Any CPU.ActiveCfg = Release|Any CPU
		{9030FE59-7677-4DE5-A979-169EBADA9346}.Release|Any CPU.Build.0 = Release|Any CPU
		{4E26CAF5-311C-43DB-87AD-E69C4F7840A1}.Debug|Any CPU.ActiveCfg = Debug|Any CPU
		{4E26CAF5-311C-43DB-87AD-E69C4F7840A1}.Debug|Any CPU.Build.0 = Debug|Any CPU
		{4E26CAF5-311C-43DB-87AD-E69C4F7840A1}.Release|Any CPU.ActiveCfg = Release|Any CPU
		{4E26CAF5-311C-43DB-87AD-E69C4F7840A1}.Release|Any CPU.Build.0 = Release|Any CPU
	EndGlobalSection
	GlobalSection(SolutionProperties) = preSolution
		HideSolutionNode = FALSE
	EndGlobalSection
	GlobalSection(ExtensibilityGlobals) = postSolution
		SolutionGuid = {C527E417-FCF8-4659-AA67-56745B2AAC22}
	EndGlobalSection
EndGlobal
