
Microsoft Visual Studio Solution File, Format Version 12.00
# Visual Studio Version 17
VisualStudioVersion = 17.1.32414.318
MinimumVisualStudioVersion = 10.0.40219.1
Project("{FAE04EC0-301F-11D3-BF4B-00C04F79EFBC}") = "TexodeTask", "TexodeTask\TexodeTask.csproj", "{39AAF03A-B4C2-4663-9D4D-F28AA364BE78}"
EndProject
Global
	GlobalSection(SolutionConfigurationPlatforms) = preSolution
		Debug|Any CPU = Debug|Any CPU
		Release|Any CPU = Release|Any CPU
	EndGlobalSection
	GlobalSection(ProjectConfigurationPlatforms) = postSolution
		{39AAF03A-B4C2-4663-9D4D-F28AA364BE78}.Debug|Any CPU.ActiveCfg = Debug|Any CPU
		{39AAF03A-B4C2-4663-9D4D-F28AA364BE78}.Debug|Any CPU.Build.0 = Debug|Any CPU
		{39AAF03A-B4C2-4663-9D4D-F28AA364BE78}.Release|Any CPU.ActiveCfg = Release|Any CPU
		{39AAF03A-B4C2-4663-9D4D-F28AA364BE78}.Release|Any CPU.Build.0 = Release|Any CPU
	EndGlobalSection
	GlobalSection(SolutionProperties) = preSolution
		HideSolutionNode = FALSE
	EndGlobalSection
	GlobalSection(ExtensibilityGlobals) = postSolution
		SolutionGuid = {C527E417-FCF8-4659-AA67-56745B2AAC22}
	EndGlobalSection
EndGlobal
